
Microsoft Visual Studio Solution File, Format Version 12.00
# Visual Studio 14
VisualStudioVersion = 14.0.25420.1
MinimumVisualStudioVersion = 10.0.40219.1
Project("{FAE04EC0-301F-11D3-BF4B-00C04F79EFBC}") = "NanoTextBox", "NanoTextBox\NanoTextBox.csproj", "{C7DB3544-9C00-49B8-931A-CB777C906CB1}"
EndProject
Project("{FAE04EC0-301F-11D3-BF4B-00C04F79EFBC}") = "SampleApplication", "SampleApplication\SampleApplication.csproj", "{5353200E-446A-407C-B3F8-5DA5832FD2EE}"
EndProject
Global
	GlobalSection(SolutionConfigurationPlatforms) = preSolution
		Debug|Any CPU = Debug|Any CPU
		Debug|x86 = Debug|x86
		Release|Any CPU = Release|Any CPU
		Release|x86 = Release|x86
	EndGlobalSection
	GlobalSection(ProjectConfigurationPlatforms) = postSolution
		{C7DB3544-9C00-49B8-931A-CB777C906CB1}.Debug|Any CPU.ActiveCfg = Debug|Any CPU
		{C7DB3544-9C00-49B8-931A-CB777C906CB1}.Debug|Any CPU.Build.0 = Debug|Any CPU
		{C7DB3544-9C00-49B8-931A-CB777C906CB1}.Debug|x86.ActiveCfg = Debug|Any CPU
		{C7DB3544-9C00-49B8-931A-CB777C906CB1}.Debug|x86.Build.0 = Debug|Any CPU
		{C7DB3544-9C00-49B8-931A-CB777C906CB1}.Release|Any CPU.ActiveCfg = Release|Any CPU
		{C7DB3544-9C00-49B8-931A-CB777C906CB1}.Release|Any CPU.Build.0 = Release|Any CPU
		{C7DB3544-9C00-49B8-931A-CB777C906CB1}.Release|x86.ActiveCfg = Release|Any CPU
		{C7DB3544-9C00-49B8-931A-CB777C906CB1}.Release|x86.Build.0 = Release|Any CPU
		{5353200E-446A-407C-B3F8-5DA5832FD2EE}.Debug|Any CPU.ActiveCfg = Debug|Any CPU
		{5353200E-446A-407C-B3F8-5DA5832FD2EE}.Debug|Any CPU.Build.0 = Debug|Any CPU
		{5353200E-446A-407C-B3F8-5DA5832FD2EE}.Debug|x86.ActiveCfg = Debug|Any CPU
		{5353200E-446A-407C-B3F8-5DA5832FD2EE}.Debug|x86.Build.0 = Debug|Any CPU
		{5353200E-446A-407C-B3F8-5DA5832FD2EE}.Release|Any CPU.ActiveCfg = Release|Any CPU
		{5353200E-446A-407C-B3F8-5DA5832FD2EE}.Release|Any CPU.Build.0 = Release|Any CPU
		{5353200E-446A-407C-B3F8-5DA5832FD2EE}.Release|x86.ActiveCfg = Release|Any CPU
		{5353200E-446A-407C-B3F8-5DA5832FD2EE}.Release|x86.Build.0 = Release|Any CPU
	EndGlobalSection
	GlobalSection(SolutionProperties) = preSolution
		HideSolutionNode = FALSE
	EndGlobalSection
EndGlobal
